
Microsoft Visual Studio Solution File, Format Version 12.00
# Visual Studio 2015
Project("{FAE04EC0-301F-11D3-BF4B-00C04F79EFBC}") = "WinePrototype.CSharp", "WinePrototype.CSharp.csproj", "{F569BD9F-5775-313B-BFD9-40EC6AE655CD}"
EndProject
Global
	GlobalSection(SolutionConfigurationPlatforms) = preSolution
		Debug|Any CPU = Debug|Any CPU
		Release|Any CPU = Release|Any CPU
	EndGlobalSection
	GlobalSection(ProjectConfigurationPlatforms) = postSolution
		{F569BD9F-5775-313B-BFD9-40EC6AE655CD}.Debug|Any CPU.ActiveCfg = Debug|Any CPU
		{F569BD9F-5775-313B-BFD9-40EC6AE655CD}.Debug|Any CPU.Build.0 = Debug|Any CPU
		{F569BD9F-5775-313B-BFD9-40EC6AE655CD}.Release|Any CPU.ActiveCfg = Release|Any CPU
		{F569BD9F-5775-313B-BFD9-40EC6AE655CD}.Release|Any CPU.Build.0 = Release|Any CPU
	EndGlobalSection
	GlobalSection(SolutionProperties) = preSolution
		HideSolutionNode = FALSE
	EndGlobalSection
EndGlobal
